
Microsoft Visual Studio Solution File, Format Version 12.00
# Visual Studio Version 16
VisualStudioVersion = 16.0.28803.352
MinimumVisualStudioVersion = 10.0.40219.1
Project("{2150E333-8FDC-42A3-9474-1A3956D46DE8}") = "01-DataExhibition", "01-DataExhibition", "{55F6C74A-2CA7-4DAA-AB52-8F061E86713B}"
EndProject
Project("{2150E333-8FDC-42A3-9474-1A3956D46DE8}") = "02-UnitTest", "02-UnitTest", "{8E3F96B0-65EC-4C76-A333-4E4D1532AA26}"
EndProject
Project("{2150E333-8FDC-42A3-9474-1A3956D46DE8}") = "03-DataTransfer", "03-DataTransfer", "{63E4429D-A2CC-4876-BD33-0158599A88AF}"
EndProject
Project("{2150E333-8FDC-42A3-9474-1A3956D46DE8}") = "04-DataSource", "04-DataSource", "{E95822FC-BE10-472B-B0B1-E190EE3EDFDB}"
EndProject
Project("{2150E333-8FDC-42A3-9474-1A3956D46DE8}") = "05-DataModel", "05-DataModel", "{F01B0062-3ACD-4360-80D4-7755766815A8}"
EndProject
Project("{2150E333-8FDC-42A3-9474-1A3956D46DE8}") = "06-Framework", "06-Framework", "{6A66FBC0-5CCD-4675-9CBB-F2C0BDF0749C}"
EndProject
Project("{2150E333-8FDC-42A3-9474-1A3956D46DE8}") = "07-Utils", "07-Utils", "{F6850954-E4D8-4E62-96F6-84C09F28A6ED}"
EndProject
Project("{2150E333-8FDC-42A3-9474-1A3956D46DE8}") = "08-Interface", "08-Interface", "{8AAE0380-4986-4BDB-9FAB-77D8A8CA5388}"
EndProject
Project("{2150E333-8FDC-42A3-9474-1A3956D46DE8}") = "09-ReadMe", "09-ReadMe", "{25DDC724-9BFA-4F4B-92AF-C145C0211E0D}"
	ProjectSection(SolutionItems) = preProject
		C:\Users\UglyM\Desktop\UM007.RTDBDataInterface\ReadMe.txt = C:\Users\UglyM\Desktop\UM007.RTDBDataInterface\ReadMe.txt
	EndProjectSection
EndProject
Project("{9A19103F-16F7-4668-BE54-9A1E7A4F7556}") = "Utils.Attributes", "Utils.Attributes\Utils.Attributes.csproj", "{FCDDC79A-B820-4414-ABA8-B838088DB3E0}"
EndProject
Project("{9A19103F-16F7-4668-BE54-9A1E7A4F7556}") = "Utils.Helper", "Utils.Helper\Utils.Helper.csproj", "{3030302E-7373-422F-8081-1050640450B2}"
EndProject
Project("{9A19103F-16F7-4668-BE54-9A1E7A4F7556}") = "DataSource.RTDB", "DataSource.RTDB\DataSource.RTDB.csproj", "{35FF1249-3E35-4F7B-9203-3AA0DE24875A}"
EndProject
Project("{9A19103F-16F7-4668-BE54-9A1E7A4F7556}") = "Interface.RTDB", "Interface.RTDB\Interface.RTDB.csproj", "{28C056CF-47BF-4BE5-AED9-47007EB7C544}"
EndProject
Project("{9A19103F-16F7-4668-BE54-9A1E7A4F7556}") = "Framework.AspectCore", "Framework.AspectCore\Framework.AspectCore.csproj", "{C77E58A0-352E-4059-A8A3-AC3715F46D3F}"
EndProject
Project("{9A19103F-16F7-4668-BE54-9A1E7A4F7556}") = "Framework.Log4Net", "Framework.Log4Net\Framework.Log4Net.csproj", "{C779E34D-7517-4913-9745-5F9D2C6D8746}"
EndProject
Project("{9A19103F-16F7-4668-BE54-9A1E7A4F7556}") = "Framework.Autofac", "Framework.Autofac\Framework.Autofac.csproj", "{649AD20E-29C0-4A4B-8EFF-46CAA84EB724}"
EndProject
Project("{9A19103F-16F7-4668-BE54-9A1E7A4F7556}") = "DataTransfer.RTDBWebService", "DataTransfer.RTDBWebService\DataTransfer.RTDBWebService.csproj", "{DC4E2B2A-404D-42F6-A0CF-B251C38A7F95}"
EndProject
Project("{9A19103F-16F7-4668-BE54-9A1E7A4F7556}") = "DataModel.Web", "DataModel.Web\DataModel.Web.csproj", "{3800E105-309B-4776-97BF-1FFCEB8DC24A}"
EndProject
Project("{9A19103F-16F7-4668-BE54-9A1E7A4F7556}") = "UnitTest.Utils", "UnitTest.Utils\UnitTest.Utils.csproj", "{B45A5797-FBBE-4C8D-AA16-F3C9992157B8}"
EndProject
Project("{FAE04EC0-301F-11D3-BF4B-00C04F79EFBC}") = "RTDBTestConsole", "RTDBTestConsole\RTDBTestConsole.csproj", "{0B38FA67-D87B-443E-B75E-91831BD1FDA3}"
EndProject
Global
	GlobalSection(SolutionConfigurationPlatforms) = preSolution
		Debug|Any CPU = Debug|Any CPU
		Release|Any CPU = Release|Any CPU
	EndGlobalSection
	GlobalSection(ProjectConfigurationPlatforms) = postSolution
		{FCDDC79A-B820-4414-ABA8-B838088DB3E0}.Debug|Any CPU.ActiveCfg = Debug|Any CPU
		{FCDDC79A-B820-4414-ABA8-B838088DB3E0}.Debug|Any CPU.Build.0 = Debug|Any CPU
		{FCDDC79A-B820-4414-ABA8-B838088DB3E0}.Release|Any CPU.ActiveCfg = Release|Any CPU
		{FCDDC79A-B820-4414-ABA8-B838088DB3E0}.Release|Any CPU.Build.0 = Release|Any CPU
		{3030302E-7373-422F-8081-1050640450B2}.Debug|Any CPU.ActiveCfg = Debug|Any CPU
		{3030302E-7373-422F-8081-1050640450B2}.Debug|Any CPU.Build.0 = Debug|Any CPU
		{3030302E-7373-422F-8081-1050640450B2}.Release|Any CPU.ActiveCfg = Release|Any CPU
		{3030302E-7373-422F-8081-1050640450B2}.Release|Any CPU.Build.0 = Release|Any CPU
		{35FF1249-3E35-4F7B-9203-3AA0DE24875A}.Debug|Any CPU.ActiveCfg = Debug|Any CPU
		{35FF1249-3E35-4F7B-9203-3AA0DE24875A}.Debug|Any CPU.Build.0 = Debug|Any CPU
		{35FF1249-3E35-4F7B-9203-3AA0DE24875A}.Release|Any CPU.ActiveCfg = Release|Any CPU
		{35FF1249-3E35-4F7B-9203-3AA0DE24875A}.Release|Any CPU.Build.0 = Release|Any CPU
		{28C056CF-47BF-4BE5-AED9-47007EB7C544}.Debug|Any CPU.ActiveCfg = Debug|Any CPU
		{28C056CF-47BF-4BE5-AED9-47007EB7C544}.Debug|Any CPU.Build.0 = Debug|Any CPU
		{28C056CF-47BF-4BE5-AED9-47007EB7C544}.Release|Any CPU.ActiveCfg = Release|Any CPU
		{28C056CF-47BF-4BE5-AED9-47007EB7C544}.Release|Any CPU.Build.0 = Release|Any CPU
		{C77E58A0-352E-4059-A8A3-AC3715F46D3F}.Debug|Any CPU.ActiveCfg = Debug|Any CPU
		{C77E58A0-352E-4059-A8A3-AC3715F46D3F}.Debug|Any CPU.Build.0 = Debug|Any CPU
		{C77E58A0-352E-4059-A8A3-AC3715F46D3F}.Release|Any CPU.ActiveCfg = Release|Any CPU
		{C77E58A0-352E-4059-A8A3-AC3715F46D3F}.Release|Any CPU.Build.0 = Release|Any CPU
		{C779E34D-7517-4913-9745-5F9D2C6D8746}.Debug|Any CPU.ActiveCfg = Debug|Any CPU
		{C779E34D-7517-4913-9745-5F9D2C6D8746}.Debug|Any CPU.Build.0 = Debug|Any CPU
		{C779E34D-7517-4913-9745-5F9D2C6D8746}.Release|Any CPU.ActiveCfg = Release|Any CPU
		{C779E34D-7517-4913-9745-5F9D2C6D8746}.Release|Any CPU.Build.0 = Release|Any CPU
		{649AD20E-29C0-4A4B-8EFF-46CAA84EB724}.Debug|Any CPU.ActiveCfg = Debug|Any CPU
		{649AD20E-29C0-4A4B-8EFF-46CAA84EB724}.Debug|Any CPU.Build.0 = Debug|Any CPU
		{649AD20E-29C0-4A4B-8EFF-46CAA84EB724}.Release|Any CPU.ActiveCfg = Release|Any CPU
		{649AD20E-29C0-4A4B-8EFF-46CAA84EB724}.Release|Any CPU.Build.0 = Release|Any CPU
		{DC4E2B2A-404D-42F6-A0CF-B251C38A7F95}.Debug|Any CPU.ActiveCfg = Debug|Any CPU
		{DC4E2B2A-404D-42F6-A0CF-B251C38A7F95}.Debug|Any CPU.Build.0 = Debug|Any CPU
		{DC4E2B2A-404D-42F6-A0CF-B251C38A7F95}.Release|Any CPU.ActiveCfg = Release|Any CPU
		{DC4E2B2A-404D-42F6-A0CF-B251C38A7F95}.Release|Any CPU.Build.0 = Release|Any CPU
		{3800E105-309B-4776-97BF-1FFCEB8DC24A}.Debug|Any CPU.ActiveCfg = Debug|Any CPU
		{3800E105-309B-4776-97BF-1FFCEB8DC24A}.Debug|Any CPU.Build.0 = Debug|Any CPU
		{3800E105-309B-4776-97BF-1FFCEB8DC24A}.Release|Any CPU.ActiveCfg = Release|Any CPU
		{3800E105-309B-4776-97BF-1FFCEB8DC24A}.Release|Any CPU.Build.0 = Release|Any CPU
		{B45A5797-FBBE-4C8D-AA16-F3C9992157B8}.Debug|Any CPU.ActiveCfg = Debug|Any CPU
		{B45A5797-FBBE-4C8D-AA16-F3C9992157B8}.Debug|Any CPU.Build.0 = Debug|Any CPU
		{B45A5797-FBBE-4C8D-AA16-F3C9992157B8}.Release|Any CPU.ActiveCfg = Release|Any CPU
		{B45A5797-FBBE-4C8D-AA16-F3C9992157B8}.Release|Any CPU.Build.0 = Release|Any CPU
		{0B38FA67-D87B-443E-B75E-91831BD1FDA3}.Debug|Any CPU.ActiveCfg = Debug|Any CPU
		{0B38FA67-D87B-443E-B75E-91831BD1FDA3}.Debug|Any CPU.Build.0 = Debug|Any CPU
		{0B38FA67-D87B-443E-B75E-91831BD1FDA3}.Release|Any CPU.ActiveCfg = Release|Any CPU
		{0B38FA67-D87B-443E-B75E-91831BD1FDA3}.Release|Any CPU.Build.0 = Release|Any CPU
	EndGlobalSection
	GlobalSection(SolutionProperties) = preSolution
		HideSolutionNode = FALSE
	EndGlobalSection
	GlobalSection(NestedProjects) = preSolution
		{FCDDC79A-B820-4414-ABA8-B838088DB3E0} = {F6850954-E4D8-4E62-96F6-84C09F28A6ED}
		{3030302E-7373-422F-8081-1050640450B2} = {F6850954-E4D8-4E62-96F6-84C09F28A6ED}
		{35FF1249-3E35-4F7B-9203-3AA0DE24875A} = {E95822FC-BE10-472B-B0B1-E190EE3EDFDB}
		{28C056CF-47BF-4BE5-AED9-47007EB7C544} = {8AAE0380-4986-4BDB-9FAB-77D8A8CA5388}
		{C77E58A0-352E-4059-A8A3-AC3715F46D3F} = {6A66FBC0-5CCD-4675-9CBB-F2C0BDF0749C}
		{C779E34D-7517-4913-9745-5F9D2C6D8746} = {6A66FBC0-5CCD-4675-9CBB-F2C0BDF0749C}
		{649AD20E-29C0-4A4B-8EFF-46CAA84EB724} = {6A66FBC0-5CCD-4675-9CBB-F2C0BDF0749C}
		{DC4E2B2A-404D-42F6-A0CF-B251C38A7F95} = {63E4429D-A2CC-4876-BD33-0158599A88AF}
		{3800E105-309B-4776-97BF-1FFCEB8DC24A} = {F01B0062-3ACD-4360-80D4-7755766815A8}
		{B45A5797-FBBE-4C8D-AA16-F3C9992157B8} = {8E3F96B0-65EC-4C76-A333-4E4D1532AA26}
		{0B38FA67-D87B-443E-B75E-91831BD1FDA3} = {55F6C74A-2CA7-4DAA-AB52-8F061E86713B}
	EndGlobalSection
	GlobalSection(ExtensibilityGlobals) = postSolution
		SolutionGuid = {A934C789-7631-44ED-86C0-EC0705EAFE25}
	EndGlobalSection
EndGlobal
